
Microsoft Visual Studio Solution File, Format Version 12.00
# Visual Studio Version 17
VisualStudioVersion = 17.14.36623.8 d17.14
MinimumVisualStudioVersion = 10.0.40219.1
Project("{FAE04EC0-301F-11D3-BF4B-00C04F79EFBC}") = "fisrtapp", "fisrtapp\fisrtapp.csproj", "{D607FD45-02E2-41C2-8840-0F6120FFAADE}"
EndProject
Global
	GlobalSection(SolutionConfigurationPlatforms) = preSolution
		Debug|Any CPU = Debug|Any CPU
		Release|Any CPU = Release|Any CPU
	EndGlobalSection
	GlobalSection(ProjectConfigurationPlatforms) = postSolution
		{D607FD45-02E2-41C2-8840-0F6120FFAADE}.Debug|Any CPU.ActiveCfg = Debug|Any CPU
		{D607FD45-02E2-41C2-8840-0F6120FFAADE}.Debug|Any CPU.Build.0 = Debug|Any CPU
		{D607FD45-02E2-41C2-8840-0F6120FFAADE}.Release|Any CPU.ActiveCfg = Release|Any CPU
		{D607FD45-02E2-41C2-8840-0F6120FFAADE}.Release|Any CPU.Build.0 = Release|Any CPU
	EndGlobalSection
	GlobalSection(SolutionProperties) = preSolution
		HideSolutionNode = FALSE
	EndGlobalSection
	GlobalSection(ExtensibilityGlobals) = postSolution
		SolutionGuid = {83A64408-6319-4F77-975D-B7D4ED264438}
	EndGlobalSection
EndGlobal
